PODS:
  - 1Flow (2024.06.18):
    - 1Flow/Survey (= 2024.06.18)
  - 1Flow/Survey (2024.06.18)

DEPENDENCIES:
  - 1Flow (from `../`)

EXTERNAL SOURCES:
  1Flow:
    :path: "../"

SPEC CHECKSUMS:
  1Flow: 8459d3b851804b9956604d5d3f25ef43bb704c53

PODFILE CHECKSUM: b38e1266dbc47da9c39cc34e2c8b8e4d63b8c637

COCOAPODS: 1.12.1
