PODS:
  - 1Flow (2023.07.29):
    - 1Flow/Survey (= 2023.07.29)
  - 1Flow/Survey (2023.07.29)

DEPENDENCIES:
  - 1Flow (from `../`)

EXTERNAL SOURCES:
  1Flow:
    :path: "../"

SPEC CHECKSUMS:
  1Flow: 5f0c68cf78c438d2db6406eff94f5bf05d0a66f6

PODFILE CHECKSUM: 9829bb51fd4c14a5203098125eb7e3b83bde8e49

COCOAPODS: 1.12.1
